
Microsoft Visual Studio Solution File, Format Version 12.00
# Visual Studio Version 16
VisualStudioVersion = 16.0.30621.155
MinimumVisualStudioVersion = 10.0.40219.1
Project("{9A19103F-16F7-4668-BE54-9A1E7A4F7556}") = "VogCodeChallenge.API", "VogCodeChallenge.API\VogCodeChallenge.API.csproj", "{A7705996-E748-4EB9-9673-073902A85C6B}"
EndProject
Project("{E53339B2-1760-4266-BCC7-CA923CBCF16C}") = "docker-compose", "docker-compose.dcproj", "{0E3F5EF1-33BD-443F-946A-FA8D3C2949DE}"
EndProject
Project("{FAE04EC0-301F-11D3-BF4B-00C04F79EFBC}") = "Step7", "Step7\Step7.csproj", "{66227C19-9477-446C-AE79-58FC85EE2EAF}"
EndProject
Project("{FAE04EC0-301F-11D3-BF4B-00C04F79EFBC}") = "Step8", "Step8\Step8.csproj", "{4C67A4A3-A013-413E-931A-AC63812844CF}"
EndProject
Global
	GlobalSection(SolutionConfigurationPlatforms) = preSolution
		Debug|Any CPU = Debug|Any CPU
		Release|Any CPU = Release|Any CPU
	EndGlobalSection
	GlobalSection(ProjectConfigurationPlatforms) = postSolution
		{A7705996-E748-4EB9-9673-073902A85C6B}.Debug|Any CPU.ActiveCfg = Debug|Any CPU
		{A7705996-E748-4EB9-9673-073902A85C6B}.Debug|Any CPU.Build.0 = Debug|Any CPU
		{A7705996-E748-4EB9-9673-073902A85C6B}.Release|Any CPU.ActiveCfg = Release|Any CPU
		{A7705996-E748-4EB9-9673-073902A85C6B}.Release|Any CPU.Build.0 = Release|Any CPU
		{0E3F5EF1-33BD-443F-946A-FA8D3C2949DE}.Debug|Any CPU.ActiveCfg = Debug|Any CPU
		{0E3F5EF1-33BD-443F-946A-FA8D3C2949DE}.Debug|Any CPU.Build.0 = Debug|Any CPU
		{0E3F5EF1-33BD-443F-946A-FA8D3C2949DE}.Release|Any CPU.ActiveCfg = Release|Any CPU
		{0E3F5EF1-33BD-443F-946A-FA8D3C2949DE}.Release|Any CPU.Build.0 = Release|Any CPU
		{66227C19-9477-446C-AE79-58FC85EE2EAF}.Debug|Any CPU.ActiveCfg = Debug|Any CPU
		{66227C19-9477-446C-AE79-58FC85EE2EAF}.Debug|Any CPU.Build.0 = Debug|Any CPU
		{66227C19-9477-446C-AE79-58FC85EE2EAF}.Release|Any CPU.ActiveCfg = Release|Any CPU
		{66227C19-9477-446C-AE79-58FC85EE2EAF}.Release|Any CPU.Build.0 = Release|Any CPU
		{4C67A4A3-A013-413E-931A-AC63812844CF}.Debug|Any CPU.ActiveCfg = Debug|Any CPU
		{4C67A4A3-A013-413E-931A-AC63812844CF}.Debug|Any CPU.Build.0 = Debug|Any CPU
		{4C67A4A3-A013-413E-931A-AC63812844CF}.Release|Any CPU.ActiveCfg = Release|Any CPU
		{4C67A4A3-A013-413E-931A-AC63812844CF}.Release|Any CPU.Build.0 = Release|Any CPU
	EndGlobalSection
	GlobalSection(SolutionProperties) = preSolution
		HideSolutionNode = FALSE
	EndGlobalSection
	GlobalSection(ExtensibilityGlobals) = postSolution
		SolutionGuid = {3CBDED87-4313-4A39-A49A-F5A85B8C2CCA}
	EndGlobalSection
EndGlobal
